
Microsoft Visual Studio Solution File, Format Version 12.00
# Visual Studio Version 17
VisualStudioVersion = 17.6.33829.357
MinimumVisualStudioVersion = 10.0.40219.1
Project("{FAE04EC0-301F-11D3-BF4B-00C04F79EFBC}") = "WFPresupuestoFacil_Presentable", "WFPresupuestoFacil_Presentable\WFPresupuestoFacil_Presentable.csproj", "{28EDB567-307B-46A0-B548-5E03EE39B247}"
EndProject
Project("{FAE04EC0-301F-11D3-BF4B-00C04F79EFBC}") = "PresupuestoFacil_CapaNegocio", "PresupuestoFacil_CapaNegocio\PresupuestoFacil_CapaNegocio.csproj", "{8151DC59-AE17-4106-B6E7-E1DAD897DC25}"
EndProject
Project("{FAE04EC0-301F-11D3-BF4B-00C04F79EFBC}") = "PresupuestoFacil_CapaDatos", "PresupuestoFacil_CapaDatos\PresupuestoFacil_CapaDatos.csproj", "{6CD71ED4-14B6-4803-941D-E02F543C442C}"
EndProject
Global
	GlobalSection(SolutionConfigurationPlatforms) = preSolution
		Debug|Any CPU = Debug|Any CPU
		Release|Any CPU = Release|Any CPU
	EndGlobalSection
	GlobalSection(ProjectConfigurationPlatforms) = postSolution
		{28EDB567-307B-46A0-B548-5E03EE39B247}.Debug|Any CPU.ActiveCfg = Debug|Any CPU
		{28EDB567-307B-46A0-B548-5E03EE39B247}.Debug|Any CPU.Build.0 = Debug|Any CPU
		{28EDB567-307B-46A0-B548-5E03EE39B247}.Release|Any CPU.ActiveCfg = Release|Any CPU
		{28EDB567-307B-46A0-B548-5E03EE39B247}.Release|Any CPU.Build.0 = Release|Any CPU
		{8151DC59-AE17-4106-B6E7-E1DAD897DC25}.Debug|Any CPU.ActiveCfg = Debug|Any CPU
		{8151DC59-AE17-4106-B6E7-E1DAD897DC25}.Debug|Any CPU.Build.0 = Debug|Any CPU
		{8151DC59-AE17-4106-B6E7-E1DAD897DC25}.Release|Any CPU.ActiveCfg = Release|Any CPU
		{8151DC59-AE17-4106-B6E7-E1DAD897DC25}.Release|Any CPU.Build.0 = Release|Any CPU
		{6CD71ED4-14B6-4803-941D-E02F543C442C}.Debug|Any CPU.ActiveCfg = Debug|Any CPU
		{6CD71ED4-14B6-4803-941D-E02F543C442C}.Debug|Any CPU.Build.0 = Debug|Any CPU
		{6CD71ED4-14B6-4803-941D-E02F543C442C}.Release|Any CPU.ActiveCfg = Release|Any CPU
		{6CD71ED4-14B6-4803-941D-E02F543C442C}.Release|Any CPU.Build.0 = Release|Any CPU
	EndGlobalSection
	GlobalSection(SolutionProperties) = preSolution
		HideSolutionNode = FALSE
	EndGlobalSection
	GlobalSection(ExtensibilityGlobals) = postSolution
		SolutionGuid = {7A269514-04F1-4D1C-8DF3-DBC1BDB6F039}
	EndGlobalSection
EndGlobal
